
Microsoft Visual Studio Solution File, Format Version 12.00
# Visual Studio Version 17
VisualStudioVersion = 17.2.32602.215
MinimumVisualStudioVersion = 10.0.40219.1
Project("{FAE04EC0-301F-11D3-BF4B-00C04F79EFBC}") = "RecipeApp", "RecipeApp\RecipeApp.csproj", "{49B6142D-D527-4BAB-9AF4-857EEE24A781}"
EndProject
Project("{FAE04EC0-301F-11D3-BF4B-00C04F79EFBC}") = "RecipeApp.BLL", "ClassLibrary1\RecipeApp.BLL.csproj", "{35AA3B4B-8E0A-42FB-83AF-CB4B9CD6CD66}"
EndProject
Global
	GlobalSection(SolutionConfigurationPlatforms) = preSolution
		Debug|Any CPU = Debug|Any CPU
		Release|Any CPU = Release|Any CPU
	EndGlobalSection
	GlobalSection(ProjectConfigurationPlatforms) = postSolution
		{49B6142D-D527-4BAB-9AF4-857EEE24A781}.Debug|Any CPU.ActiveCfg = Debug|Any CPU
		{49B6142D-D527-4BAB-9AF4-857EEE24A781}.Debug|Any CPU.Build.0 = Debug|Any CPU
		{49B6142D-D527-4BAB-9AF4-857EEE24A781}.Release|Any CPU.ActiveCfg = Release|Any CPU
		{49B6142D-D527-4BAB-9AF4-857EEE24A781}.Release|Any CPU.Build.0 = Release|Any CPU
		{35AA3B4B-8E0A-42FB-83AF-CB4B9CD6CD66}.Debug|Any CPU.ActiveCfg = Debug|Any CPU
		{35AA3B4B-8E0A-42FB-83AF-CB4B9CD6CD66}.Debug|Any CPU.Build.0 = Debug|Any CPU
		{35AA3B4B-8E0A-42FB-83AF-CB4B9CD6CD66}.Release|Any CPU.ActiveCfg = Release|Any CPU
		{35AA3B4B-8E0A-42FB-83AF-CB4B9CD6CD66}.Release|Any CPU.Build.0 = Release|Any CPU
	EndGlobalSection
	GlobalSection(SolutionProperties) = preSolution
		HideSolutionNode = FALSE
	EndGlobalSection
	GlobalSection(ExtensibilityGlobals) = postSolution
		SolutionGuid = {047C1800-1431-4556-B36C-A84D0504DAC3}
	EndGlobalSection
EndGlobal
